{
    "_readme": [
        "This file locks the dependencies of your project to a known state",
        "Read more about it at https://getcomposer.org/doc/01-basic-usage.md#installing-dependencies",
        "This file is @generated automatically"
    ],
    "content-hash": "a5f0228ff2a302b7846546ae846594f6",
    "packages": [
        {
            "name": "laravel/serializable-closure",
            "version": "v2.0.10",
            "source": {
                "type": "git",
                "url": "https://github.com/laravel/serializable-closure.git",
                "reference": "870fc81d2f879903dfc5b60bf8a0f94a1609e669"
            },
            "dist": {
                "type": "zip",
                "url": "https://api.github.com/repos/laravel/serializable-closure/zipball/870fc81d2f879903dfc5b60bf8a0f94a1609e669",
                "reference": "870fc81d2f879903dfc5b60bf8a0f94a1609e669",
                "shasum": ""
            },
            "require": {
                "php": "^8.1"
            },
            "require-dev": {
                "illuminate/support": "^10.0|^11.0|^12.0|^13.0",
                "nesbot/carbon": "^2.67|^3.0",
                "pestphp/pest": "^2.36|^3.0|^4.0",
                "phpstan/phpstan": "^2.0",
                "symfony/var-dumper": "^6.2.0|^7.0.0|^8.0.0"
            },
            "type": "library",
            "extra": {
                "branch-alias": {
                    "dev-master": "2.x-dev"
                }
            },
            "autoload": {
                "psr-4": {
                    "Laravel\\SerializableClosure\\": "src/"
                }
            },
            "notification-url": "https://packagist.org/downloads/",
            "license": [
                "MIT"
            ],
            "authors": [
                {
                    "name": "Taylor Otwell",
                    "email": "taylor@laravel.com"
                },
                {
                    "name": "Nuno Maduro",
                    "email": "nuno@laravel.com"
                }
            ],
            "description": "Laravel Serializable Closure provides an easy and secure way to serialize closures in PHP.",
            "keywords": [
                "closure",
                "laravel",
                "serializable"
            ],
            "support": {
                "issues": "https://github.com/laravel/serializable-closure/issues",
                "source": "https://github.com/laravel/serializable-closure"
            },
            "time": "2026-02-20T19:59:49+00:00"
        },
        {
            "name": "symfony/process",
            "version": "v7.4.5",
            "source": {
                "type": "git",
                "url": "https://github.com/symfony/process.git",
                "reference": "608476f4604102976d687c483ac63a79ba18cc97"
            },
            "dist": {
                "type": "zip",
                "url": "https://api.github.com/repos/symfony/process/zipball/608476f4604102976d687c483ac63a79ba18cc97",
                "reference": "608476f4604102976d687c483ac63a79ba18cc97",
                "shasum": ""
            },
            "require": {
                "php": ">=8.2"
            },
            "type": "library",
            "autoload": {
                "psr-4": {
                    "Symfony\\Component\\Process\\": ""
                },
                "exclude-from-classmap": [
                    "/Tests/"
                ]
            },
            "notification-url": "https://packagist.org/downloads/",
            "license": [
                "MIT"
            ],
            "authors": [
                {
                    "name": "Fabien Potencier",
                    "email": "fabien@symfony.com"
                },
                {
                    "name": "Symfony Community",
                    "homepage": "https://symfony.com/contributors"
                }
            ],
            "description": "Executes commands in sub-processes",
            "homepage": "https://symfony.com",
            "support": {
                "source": "https://github.com/symfony/process/tree/v7.4.5"
            },
            "funding": [
                {
                    "url": "https://symfony.com/sponsor",
                    "type": "custom"
                },
                {
                    "url": "https://github.com/fabpot",
                    "type": "github"
                },
                {
                    "url": "https://github.com/nicolas-grekas",
                    "type": "github"
                },
                {
                    "url": "https://tidelift.com/funding/github/packagist/symfony/symfony",
                    "type": "tidelift"
                }
            ],
            "time": "2026-01-26T15:07:59+00:00"
        },
        {
            "name": "venndev/vosaka-fourotines",
            "version": "1.4.3",
            "source": {
                "type": "git",
                "url": "https://github.com/vosaka-php/vosaka-foroutines.git",
                "reference": "109ba4a21b153d7d09e21bab47f5037f01290eaf"
            },
            "dist": {
                "type": "zip",
                "url": "https://api.github.com/repos/vosaka-php/vosaka-foroutines/zipball/109ba4a21b153d7d09e21bab47f5037f01290eaf",
                "reference": "109ba4a21b153d7d09e21bab47f5037f01290eaf",
                "shasum": ""
            },
            "require": {
                "ext-fileinfo": "*",
                "ext-shmop": "*",
                "ext-zlib": "*",
                "laravel/serializable-closure": "^2.0",
                "php": ">=8.1",
                "symfony/process": "^7.3"
            },
            "suggest": {
                "ext-apcu": "Enables APCu-based Mutex locking (in-memory, very fast). Requires APCu extension.",
                "ext-event": "Future: potential integration for epoll/kqueue-based event loop (not yet used).",
                "ext-pcntl": "Enables ForkProcess for low-overhead IO dispatch via pcntl_fork() (~1-5ms vs ~50-200ms). Linux/macOS only.",
                "ext-posix": "Used by ForkProcess for immediate child exit via posix_kill(). Linux/macOS only.",
                "ext-sysvsem": "Enables semaphore-based Mutex locking (faster than file locks). Linux/macOS only."
            },
            "type": "library",
            "autoload": {
                "files": [
                    "src/vosaka/foroutines/functions.php",
                    "src/vosaka/foroutines/main_processor.php"
                ],
                "psr-4": {
                    "vosaka\\foroutines\\": "src/vosaka/foroutines/"
                }
            },
            "notification-url": "https://packagist.org/downloads/",
            "license": [
                "LGPL-2.1-only"
            ],
            "authors": [
                {
                    "name": "VennV",
                    "email": "hyplex9009@gmail.com"
                }
            ],
            "description": "Structured async programming for PHP using Fibers, inspired by Kotlin Coroutines. Features AsyncIO (non-blocking streams), ForkProcess (low-overhead child processes), Flow/SharedFlow/StateFlow with backpressure, Channels, Mutex, and cooperative scheduling. Can integrate with VOsaka.",
            "keywords": [
                "Coroutines",
                "Fibers",
                "async",
                "backpressure",
                "channel",
                "concurrency",
                "flow",
                "kotlin",
                "non-blocking"
            ],
            "support": {
                "issues": "https://github.com/vosaka-php/vosaka-foroutines/issues",
                "source": "https://github.com/vosaka-php/vosaka-foroutines/tree/1.4.3"
            },
            "time": "2026-03-10T16:37:07+00:00"
        }
    ],
    "packages-dev": [],
    "aliases": [],
    "minimum-stability": "stable",
    "stability-flags": {},
    "prefer-stable": false,
    "prefer-lowest": false,
    "platform": {},
    "platform-dev": {},
    "plugin-api-version": "2.9.0"
}
